
Microsoft Visual Studio Solution File, Format Version 12.00
# Visual Studio 15
Project("{FAE04EC0-301F-11D3-BF4B-00C04F79EFBC}") = "Assembly-CSharp", "Assembly-CSharp.csproj", "{58C487D0-47A0-8CBF-EDBC-5A9793D4CE37}"
EndProject
Global
	GlobalSection(SolutionConfigurationPlatforms) = preSolution
		Debug|Any CPU = Debug|Any CPU
		Release|Any CPU = Release|Any CPU
	EndGlobalSection
	GlobalSection(ProjectConfigurationPlatforms) = postSolution
		{58C487D0-47A0-8CBF-EDBC-5A9793D4CE37}.Debug|Any CPU.ActiveCfg = Debug|Any CPU
		{58C487D0-47A0-8CBF-EDBC-5A9793D4CE37}.Debug|Any CPU.Build.0 = Debug|Any CPU
		{58C487D0-47A0-8CBF-EDBC-5A9793D4CE37}.Release|Any CPU.ActiveCfg = Release|Any CPU
		{58C487D0-47A0-8CBF-EDBC-5A9793D4CE37}.Release|Any CPU.Build.0 = Release|Any CPU
	EndGlobalSection
	GlobalSection(SolutionProperties) = preSolution
		HideSolutionNode = FALSE
	EndGlobalSection
EndGlobal
